
Microsoft Visual Studio Solution File, Format Version 12.00
# Visual Studio Version 16
VisualStudioVersion = 16.0.32106.194
MinimumVisualStudioVersion = 10.0.40219.1
Project("{FAE04EC0-301F-11D3-BF4B-00C04F79EFBC}") = "Association", "Association.csproj", "{56C12D4A-4130-4253-B96C-372C42BD2134}"
EndProject
Global
	GlobalSection(SolutionConfigurationPlatforms) = preSolution
		Debug|Any CPU = Debug|Any CPU
		Release|Any CPU = Release|Any CPU
	EndGlobalSection
	GlobalSection(ProjectConfigurationPlatforms) = postSolution
		{56C12D4A-4130-4253-B96C-372C42BD2134}.Debug|Any CPU.ActiveCfg = Debug|Any CPU
		{56C12D4A-4130-4253-B96C-372C42BD2134}.Debug|Any CPU.Build.0 = Debug|Any CPU
		{56C12D4A-4130-4253-B96C-372C42BD2134}.Release|Any CPU.ActiveCfg = Release|Any CPU
		{56C12D4A-4130-4253-B96C-372C42BD2134}.Release|Any CPU.Build.0 = Release|Any CPU
	EndGlobalSection
	GlobalSection(SolutionProperties) = preSolution
		HideSolutionNode = FALSE
	EndGlobalSection
	GlobalSection(ExtensibilityGlobals) = postSolution
		SolutionGuid = {8559C2EE-8F40-4DDA-B440-5877C9308D9D}
	EndGlobalSection
EndGlobal
